
Microsoft Visual Studio Solution File, Format Version 12.00
# Visual Studio Version 17
VisualStudioVersion = 17.4.33122.133
MinimumVisualStudioVersion = 10.0.40219.1
Project("{FAE04EC0-301F-11D3-BF4B-00C04F79EFBC}") = "webapp", "webapp\webapp.csproj", "{74A71B13-6D23-4F27-A5A2-132C08B884F1}"
EndProject
Global
	GlobalSection(SolutionConfigurationPlatforms) = preSolution
		Debug|Any CPU = Debug|Any CPU
		Release|Any CPU = Release|Any CPU
	EndGlobalSection
	GlobalSection(ProjectConfigurationPlatforms) = postSolution
		{74A71B13-6D23-4F27-A5A2-132C08B884F1}.Debug|Any CPU.ActiveCfg = Debug|Any CPU
		{74A71B13-6D23-4F27-A5A2-132C08B884F1}.Debug|Any CPU.Build.0 = Debug|Any CPU
		{74A71B13-6D23-4F27-A5A2-132C08B884F1}.Release|Any CPU.ActiveCfg = Release|Any CPU
		{74A71B13-6D23-4F27-A5A2-132C08B884F1}.Release|Any CPU.Build.0 = Release|Any CPU
	EndGlobalSection
	GlobalSection(SolutionProperties) = preSolution
		HideSolutionNode = FALSE
	EndGlobalSection
	GlobalSection(ExtensibilityGlobals) = postSolution
		SolutionGuid = {9B513026-B0AA-4779-B5EF-EFDE91C3FB2E}
	EndGlobalSection
EndGlobal
